# Generated by pub
# See http://pub.dartlang.org/doc/glossary.html#lockfile
packages:
  console:
    description:
      name: console
      url: "https://pub.dartlang.org"
    source: hosted
    version: "2.2.4"
  matcher:
    description:
      name: matcher
      url: "https://pub.dartlang.org"
    source: hosted
    version: "0.12.0+2"
  quiver:
    description:
      name: quiver
      url: "https://pub.dartlang.org"
    source: hosted
    version: "0.22.0"
  vector_math:
    description:
      name: vector_math
      url: "https://pub.dartlang.org"
    source: hosted
    version: "1.4.7"
sdks:
  dart: ">=1.14.0 <2.0.0"
